github.com/TwiN/go-color v1.4.0 h1:fNbOwOrvup5oj934UragnW0B1WKaAkkB85q19Y7h4ng=
github.com/TwiN/go-color v1.4.0/go.mod h1:0QTVEPlu+AoCyTrho7bXbVkrCkVpdQr7YF7PYWEtSxM=
github.com/davecgh/go-spew v1.1.1 h1:vj9j/u1bqnvCEfJOwUhtlOARqs3+rkHYY13jYWTU97c=
github.com/dt-rush/sameriver/v3 v3.0.6 h1:E98E7SgbwyvytIiqECNbQYmLNyjOxxn00ykqPfabX0k=
github.com/dt-rush/sameriver/v3 v3.0.6/go.mod h1:02II1lvBnwYXhfHHST5XpZBnh6CcRXbpllnNLvctlCg=
github.com/golang-collections/go-datastructures v0.0.0-20150211160725-59788d5eb259 h1:ZHJ7+IGpuOXtVf6Zk/a3WuHQgkC+vXwaqfUBDFwahtI=
github.com/golang-collections/go-datastructures v0.0.0-20150211160725-59788d5eb259/go.mod h1:9Qcha0gTWLw//0VNka1Cbnjvg3pNKGFdAm7E9sBabxE=
github.com/pmezard/go-difflib v1.0.0 h1:4DBwDE0NGyQoBHbLQYPwSUPoCMWR5BEzIk/f1lZbAQM=
github.com/stretchr/testify v1.3.0 h1:TivCn/peBQ7UY8ooIcPgZFpTNSz0Q2U6UrFlUfqbe0Q=
github.com/veandco/go-sdl2 v0.4.33 h1:cxQ0OdUBEByHxvCyrGxy9F8WpL38Ya6hzV4n27QL84M=
github.com/veandco/go-sdl2 v0.4.33/go.mod h1:OROqMhHD43nT4/i9crJukyVecjPNYYuCofep6SNiAjY=
go.uber.org/atomic v1.10.0 h1:9qC72Qh0+3MqyJbAn8YU5xVq1frD8bn3JtD2oXtafVQ=
go.uber.org/atomic v1.10.0/go.mod h1:LUxbIzbOniOlMKjJjyPfpl4v+PKK2cNJn91OQbhoJI0=
