github.com/TwiN/go-color v1.4.0 h1:fNbOwOrvup5oj934UragnW0B1WKaAkkB85q19Y7h4ng=
github.com/TwiN/go-color v1.4.0/go.mod h1:0QTVEPlu+AoCyTrho7bXbVkrCkVpdQr7YF7PYWEtSxM=
github.com/chsc/gogl v0.0.0-20131111203533-c411acc846b6 h1:GHNbGLo1VfjsT+Lf7i1beWEvSHbN/GIi7pzkWAnL2zk=
github.com/chsc/gogl v0.0.0-20131111203533-c411acc846b6/go.mod h1:82yD5XkINXAhjoaZjStP4a8vZSO3c7aAWQS3OJtBg+s=
github.com/dt-rush/sameriver/v3 v3.0.6 h1:E98E7SgbwyvytIiqECNbQYmLNyjOxxn00ykqPfabX0k=
github.com/dt-rush/sameriver/v3 v3.0.6/go.mod h1:02II1lvBnwYXhfHHST5XpZBnh6CcRXbpllnNLvctlCg=
github.com/go-gl/mathgl v1.0.0 h1:t9DznWJlXxxjeeKLIdovCOVJQk/GzDEL7h/h+Ro2B68=
github.com/go-gl/mathgl v1.0.0/go.mod h1:yhpkQzEiH9yPyxDUGzkmgScbaBVlhC06qodikEM0ZwQ=
github.com/golang-collections/go-datastructures v0.0.0-20150211160725-59788d5eb259 h1:ZHJ7+IGpuOXtVf6Zk/a3WuHQgkC+vXwaqfUBDFwahtI=
github.com/golang-collections/go-datastructures v0.0.0-20150211160725-59788d5eb259/go.mod h1:9Qcha0gTWLw//0VNka1Cbnjvg3pNKGFdAm7E9sBabxE=
github.com/veandco/go-sdl2 v0.4.33 h1:cxQ0OdUBEByHxvCyrGxy9F8WpL38Ya6hzV4n27QL84M=
github.com/veandco/go-sdl2 v0.4.33/go.mod h1:OROqMhHD43nT4/i9crJukyVecjPNYYuCofep6SNiAjY=
go.uber.org/atomic v1.10.0 h1:9qC72Qh0+3MqyJbAn8YU5xVq1frD8bn3JtD2oXtafVQ=
go.uber.org/atomic v1.10.0/go.mod h1:LUxbIzbOniOlMKjJjyPfpl4v+PKK2cNJn91OQbhoJI0=
golang.org/x/image v0.0.0-20190321063152-3fc05d484e9f h1:FO4MZ3N56GnxbqxGKqh+YTzUWQ2sDwtFQEZgLOxh9Jc=
golang.org/x/image v0.0.0-20190321063152-3fc05d484e9f/go.mod h1:kZ7UVZpmo3dzQBMxlp+ypCbDeSB+sBbTgSJuh5dn5js=
golang.org/x/text v0.3.0/go.mod h1:NqM8EUOU14njkJ3fqMW+pc6Ldnwhi/IjpwHt7yyuwOQ=
